
Microsoft Visual Studio Solution File, Format Version 12.00
# Visual Studio Version 16
VisualStudioVersion = 16.0.35325.158
MinimumVisualStudioVersion = 10.0.40219.1
Project("{8BC9CEB8-8B4A-11D0-8D11-00A0C91BC942}") = "8. zadatak", "8. zadatak\8. zadatak.vcxproj", "{D3B87FE1-B9FC-455A-B52E-483923444775}"
EndProject
Global
	GlobalSection(SolutionConfigurationPlatforms) = preSolution
		Debug|x64 = Debug|x64
		Debug|x86 = Debug|x86
		Release|x64 = Release|x64
		Release|x86 = Release|x86
	EndGlobalSection
	GlobalSection(ProjectConfigurationPlatforms) = postSolution
		{D3B87FE1-B9FC-455A-B52E-483923444775}.Debug|x64.ActiveCfg = Debug|x64
		{D3B87FE1-B9FC-455A-B52E-483923444775}.Debug|x64.Build.0 = Debug|x64
		{D3B87FE1-B9FC-455A-B52E-483923444775}.Debug|x86.ActiveCfg = Debug|Win32
		{D3B87FE1-B9FC-455A-B52E-483923444775}.Debug|x86.Build.0 = Debug|Win32
		{D3B87FE1-B9FC-455A-B52E-483923444775}.Release|x64.ActiveCfg = Release|x64
		{D3B87FE1-B9FC-455A-B52E-483923444775}.Release|x64.Build.0 = Release|x64
		{D3B87FE1-B9FC-455A-B52E-483923444775}.Release|x86.ActiveCfg = Release|Win32
		{D3B87FE1-B9FC-455A-B52E-483923444775}.Release|x86.Build.0 = Release|Win32
	EndGlobalSection
	GlobalSection(SolutionProperties) = preSolution
		HideSolutionNode = FALSE
	EndGlobalSection
	GlobalSection(ExtensibilityGlobals) = postSolution
		SolutionGuid = {A4D1DD30-802C-45FB-840B-7A6B6563FFF0}
	EndGlobalSection
EndGlobal
